
Microsoft Visual Studio Solution File, Format Version 12.00
Project("{FAE04EC0-301F-11D3-BF4B-00C04F79EFBC}") = "ClusterClient.Chaos", "ClusterClient.Chaos\ClusterClient.Chaos.csproj", "{8561C702-E60C-4A12-B577-91E3E166606D}"
EndProject
Project("{FAE04EC0-301F-11D3-BF4B-00C04F79EFBC}") = "ClusterClient.Chaos.Tests", "ClusterClient.Chaos.Tests\ClusterClient.Chaos.Tests.csproj", "{D3A0CA94-8AFA-4FC3-9D83-68298CCCF2EC}"
EndProject
Global
	GlobalSection(SolutionConfigurationPlatforms) = preSolution
		Debug|Any CPU = Debug|Any CPU
		Release|Any CPU = Release|Any CPU
	EndGlobalSection
	GlobalSection(ProjectConfigurationPlatforms) = postSolution
		{8561C702-E60C-4A12-B577-91E3E166606D}.Debug|Any CPU.ActiveCfg = Debug|Any CPU
		{8561C702-E60C-4A12-B577-91E3E166606D}.Debug|Any CPU.Build.0 = Debug|Any CPU
		{8561C702-E60C-4A12-B577-91E3E166606D}.Release|Any CPU.ActiveCfg = Release|Any CPU
		{8561C702-E60C-4A12-B577-91E3E166606D}.Release|Any CPU.Build.0 = Release|Any CPU
		{D3A0CA94-8AFA-4FC3-9D83-68298CCCF2EC}.Debug|Any CPU.ActiveCfg = Debug|Any CPU
		{D3A0CA94-8AFA-4FC3-9D83-68298CCCF2EC}.Debug|Any CPU.Build.0 = Debug|Any CPU
		{D3A0CA94-8AFA-4FC3-9D83-68298CCCF2EC}.Release|Any CPU.ActiveCfg = Release|Any CPU
		{D3A0CA94-8AFA-4FC3-9D83-68298CCCF2EC}.Release|Any CPU.Build.0 = Release|Any CPU
	EndGlobalSection
EndGlobal
